// !$*UTF8*$!
{
	archiveVersion = 1;
	classes = {
	};
	objectVersion = 56;
	objects = {

/* Begin PBXBuildFile section */
		BE3DD2042ACA4F700077A937 /* PageModel.swift in Sources */ = {isa = PBXBuildFile; fileRef = BE3DD2032ACA4F700077A937 /* PageModel.swift */; };
		BE3DD2062ACA4FAF0077A937 /* PageData.swift in Sources */ = {isa = PBXBuildFile; fileRef = BE3DD2052ACA4FAF0077A937 /* PageData.swift */; };
		BEC20BCD2AC9FF0800EE6467 /* PinchApp.swift in Sources */ = {isa = PBXBuildFile; fileRef = BEC20BCC2AC9FF0800EE6467 /* PinchApp.swift */; };
		BEC20BCF2AC9FF0800EE6467 /* ContentView.swift in Sources */ = {isa = PBXBuildFile; fileRef = BEC20BCE2AC9FF0800EE6467 /* ContentView.swift */; };
		BEC20BD12AC9FF0A00EE6467 /* Assets.xcassets in Resources */ = {isa = PBXBuildFile; fileRef = BEC20BD02AC9FF0A00EE6467 /* Assets.xcassets */; };
		BEC20BD42AC9FF0A00EE6467 /* Preview Assets.xcassets in Resources */ = {isa = PBXBuildFile; fileRef = BEC20BD32AC9FF0A00EE6467 /* Preview Assets.xcassets */; };
		BEC20BE12ACA1D1000EE6467 /* InfoPanelView.swift in Sources */ = {isa = PBXBuildFile; fileRef = BEC20BE02ACA1D1000EE6467 /* InfoPanelView.swift */; };
		BEC20BE32ACA290400EE6467 /* ControlImageView.swift in Sources */ = {isa = PBXBuildFile; fileRef = BEC20BE22ACA290400EE6467 /* ControlImageView.swift */; };
/* End PBXBuildFile section */

/* Begin PBXFileReference section */
		BE3DD2032ACA4F700077A937 /* PageModel.swift */ = {isa = PBXFileReference; lastKnownFileType = sourcecode.swift; path = PageModel.swift; sourceTree = "<group>"; };
		BE3DD2052ACA4FAF0077A937 /* PageData.swift */ = {isa = PBXFileReference; lastKnownFileType = sourcecode.swift; path = PageData.swift; sourceTree = "<group>"; };
		BEC20BC92AC9FF0800EE6467 /* Pinch.app */ = {isa = PBXFileReference; explicitFileType = wrapper.application; includeInIndex = 0; path = Pinch.app; sourceTree = BUILT_PRODUCTS_DIR; };
		BEC20BCC2AC9FF0800EE6467 /* PinchApp.swift */ = {isa = PBXFileReference; lastKnownFileType = sourcecode.swift; path = PinchApp.swift; sourceTree = "<group>"; };
		BEC20BCE2AC9FF0800EE6467 /* ContentView.swift */ = {isa = PBXFileReference; lastKnownFileType = sourcecode.swift; path = ContentView.swift; sourceTree = "<group>"; };
		BEC20BD02AC9FF0A00EE6467 /* Assets.xcassets */ = {isa = PBXFileReference; lastKnownFileType = folder.assetcatalog; path = Assets.xcassets; sourceTree = "<group>"; };
		BEC20BD32AC9FF0A00EE6467 /* Preview Assets.xcassets */ = {isa = PBXFileReference; lastKnownFileType = folder.assetcatalog; path = "Preview Assets.xcassets"; sourceTree = "<group>"; };
		BEC20BE02ACA1D1000EE6467 /* InfoPanelView.swift */ = {isa = PBXFileReference; lastKnownFileType = sourcecode.swift; path = InfoPanelView.swift; sourceTree = "<group>"; };
		BEC20BE22ACA290400EE6467 /* ControlImageView.swift */ = {isa = PBXFileReference; lastKnownFileType = sourcecode.swift; path = ControlImageView.swift; sourceTree = "<group>"; };
/* End PBXFileReference section */

/* Begin PBXFrameworksBuildPhase section */
		BEC20BC62AC9FF0800EE6467 /* Frameworks */ = {
			isa = PBXFrameworksBuildPhase;
			buildActionMask = 2147483647;
			files = (
			);
			runOnlyForDeploymentPostprocessing = 0;
		};
/* End PBXFrameworksBuildPhase section */

/* Begin PBXGroup section */
		BEC20BC02AC9FF0800EE6467 = {
			isa = PBXGroup;
			children = (
				BEC20BCB2AC9FF0800EE6467 /* Pinch */,
				BEC20BCA2AC9FF0800EE6467 /* Products */,
			);
			sourceTree = "<group>";
		};
		BEC20BCA2AC9FF0800EE6467 /* Products */ = {
			isa = PBXGroup;
			children = (
				BEC20BC92AC9FF0800EE6467 /* Pinch.app */,
			);
			name = Products;
			sourceTree = "<group>";
		};
		BEC20BCB2AC9FF0800EE6467 /* Pinch */ = {
			isa = PBXGroup;
			children = (
				BEC20BDF2ACA006B00EE6467 /* App */,
				BEC20BDE2ACA006300EE6467 /* Data */,
				BEC20BDD2ACA005C00EE6467 /* Model */,
				BEC20BDB2ACA004800EE6467 /* View */,
				BEC20BDA2ACA003200EE6467 /* Screen */,
				BEC20BD02AC9FF0A00EE6467 /* Assets.xcassets */,
				BEC20BD22AC9FF0A00EE6467 /* Preview Content */,
			);
			path = Pinch;
			sourceTree = "<group>";
		};
		BEC20BD22AC9FF0A00EE6467 /* Preview Content */ = {
			isa = PBXGroup;
			children = (
				BEC20BD32AC9FF0A00EE6467 /* Preview Assets.xcassets */,
			);
			path = "Preview Content";
			sourceTree = "<group>";
		};
		BEC20BDA2ACA003200EE6467 /* Screen */ = {
			isa = PBXGroup;
			children = (
				BEC20BCE2AC9FF0800EE6467 /* ContentView.swift */,
			);
			path = Screen;
			sourceTree = "<group>";
		};
		BEC20BDB2ACA004800EE6467 /* View */ = {
			isa = PBXGroup;
			children = (
				BEC20BE02ACA1D1000EE6467 /* InfoPanelView.swift */,
				BEC20BE22ACA290400EE6467 /* ControlImageView.swift */,
			);
			path = View;
			sourceTree = "<group>";
		};
		BEC20BDD2ACA005C00EE6467 /* Model */ = {
			isa = PBXGroup;
			children = (
				BE3DD2032ACA4F700077A937 /* PageModel.swift */,
			);
			path = Model;
			sourceTree = "<group>";
		};
		BEC20BDE2ACA006300EE6467 /* Data */ = {
			isa = PBXGroup;
			children = (
				BE3DD2052ACA4FAF0077A937 /* PageData.swift */,
			);
			path = Data;
			sourceTree = "<group>";
		};
		BEC20BDF2ACA006B00EE6467 /* App */ = {
			isa = PBXGroup;
			children = (
				BEC20BCC2AC9FF0800EE6467 /* PinchApp.swift */,
			);
			path = App;
			sourceTree = "<group>";
		};
/* End PBXGroup section */

/* Begin PBXNativeTarget section */
		BEC20BC82AC9FF0800EE6467 /* Pinch */ = {
			isa = PBXNativeTarget;
			buildConfigurationList = BEC20BD72AC9FF0A00EE6467 /* Build configuration list for PBXNativeTarget "Pinch" */;
			buildPhases = (
				BEC20BC52AC9FF0800EE6467 /* Sources */,
				BEC20BC62AC9FF0800EE6467 /* Frameworks */,
				BEC20BC72AC9FF0800EE6467 /* Resources */,
			);
			buildRules = (
			);
			dependencies = (
			);
			name = Pinch;
			productName = Pinch;
			productReference = BEC20BC92AC9FF0800EE6467 /* Pinch.app */;
			productType = "com.apple.product-type.application";
		};
/* End PBXNativeTarget section */

/* Begin PBXProject section */
		BEC20BC12AC9FF0800EE6467 /* Project object */ = {
			isa = PBXProject;
			attributes = {
				BuildIndependentTargetsInParallel = 1;
				LastSwiftUpdateCheck = 1500;
				LastUpgradeCheck = 1500;
				TargetAttributes = {
					BEC20BC82AC9FF0800EE6467 = {
						CreatedOnToolsVersion = 15.0;
					};
				};
			};
			buildConfigurationList = BEC20BC42AC9FF0800EE6467 /* Build configuration list for PBXProject "Pinch" */;
			compatibilityVersion = "Xcode 14.0";
			developmentRegion = en;
			hasScannedForEncodings = 0;
			knownRegions = (
				en,
				Base,
			);
			mainGroup = BEC20BC02AC9FF0800EE6467;
			productRefGroup = BEC20BCA2AC9FF0800EE6467 /* Products */;
			projectDirPath = "";
			projectRoot = "";
			targets = (
				BEC20BC82AC9FF0800EE6467 /* Pinch */,
			);
		};
/* End PBXProject section */

/* Begin PBXResourcesBuildPhase section */
		BEC20BC72AC9FF0800EE6467 /* Resources */ = {
			isa = PBXResourcesBuildPhase;
			buildActionMask = 2147483647;
			files = (
				BEC20BD42AC9FF0A00EE6467 /* Preview Assets.xcassets in Resources */,
				BEC20BD12AC9FF0A00EE6467 /* Assets.xcassets in Resources */,
			);
			runOnlyForDeploymentPostprocessing = 0;
		};
/* End PBXResourcesBuildPhase section */

/* Begin PBXSourcesBuildPhase section */
		BEC20BC52AC9FF0800EE6467 /* Sources */ = {
			isa = PBXSourcesBuildPhase;
			buildActionMask = 2147483647;
			files = (
				BEC20BE32ACA290400EE6467 /* ControlImageView.swift in Sources */,
				BE3DD2042ACA4F700077A937 /* PageModel.swift in Sources */,
				BEC20BCF2AC9FF0800EE6467 /* ContentView.swift in Sources */,
				BEC20BCD2AC9FF0800EE6467 /* PinchApp.swift in Sources */,
				BE3DD2062ACA4FAF0077A937 /* PageData.swift in Sources */,
				BEC20BE12ACA1D1000EE6467 /* InfoPanelView.swift in Sources */,
			);
			runOnlyForDeploymentPostprocessing = 0;
		};
/* End PBXSourcesBuildPhase section */

/* Begin XCBuildConfiguration section */
		BEC20BD52AC9FF0A00EE6467 /* Debug */ = {
			isa = XCBuildConfiguration;
			buildSettings = {
				ALWAYS_SEARCH_USER_PATHS = NO;
				ASSETCATALOG_COMPILER_GENERATE_SWIFT_ASSET_SYMBOL_EXTENSIONS = YES;
				CLANG_ANALYZER_NONNULL = YES;
				CLANG_ANALYZER_NUMBER_OBJECT_CONVERSION = YES_AGGRESSIVE;
				CLANG_CXX_LANGUAGE_STANDARD = "gnu++20";
				CLANG_ENABLE_MODULES = YES;
				CLANG_ENABLE_OBJC_ARC = YES;
				CLANG_ENABLE_OBJC_WEAK = YES;
				CLANG_WARN_BLOCK_CAPTURE_AUTORELEASING = YES;
				CLANG_WARN_BOOL_CONVERSION = YES;
				CLANG_WARN_COMMA = YES;
				CLANG_WARN_CONSTANT_CONVERSION = YES;
				CLANG_WARN_DEPRECATED_OBJC_IMPLEMENTATIONS = YES;
				CLANG_WARN_DIRECT_OBJC_ISA_USAGE = YES_ERROR;
				CLANG_WARN_DOCUMENTATION_COMMENTS = YES;
				CLANG_WARN_EMPTY_BODY = YES;
				CLANG_WARN_ENUM_CONVERSION = YES;
				CLANG_WARN_INFINITE_RECURSION = YES;
				CLANG_WARN_INT_CONVERSION = YES;
				CLANG_WARN_NON_LITERAL_NULL_CONVERSION = YES;
				CLANG_WARN_OBJC_IMPLICIT_RETAIN_SELF = YES;
				CLANG_WARN_OBJC_LITERAL_CONVERSION = YES;
				CLANG_WARN_OBJC_ROOT_CLASS = YES_ERROR;
				CLANG_WARN_QUOTED_INCLUDE_IN_FRAMEWORK_HEADER = YES;
				CLANG_WARN_RANGE_LOOP_ANALYSIS = YES;
				CLANG_WARN_STRICT_PROTOTYPES = YES;
				CLANG_WARN_SUSPICIOUS_MOVE = YES;
				CLANG_WARN_UNGUARDED_AVAILABILITY = YES_AGGRESSIVE;
				CLANG_WARN_UNREACHABLE_CODE = YES;
				CLANG_WARN__DUPLICATE_METHOD_MATCH = YES;
				COPY_PHASE_STRIP = NO;
				DEBUG_INFORMATION_FORMAT = dwarf;
				ENABLE_STRICT_OBJC_MSGSEND = YES;
				ENABLE_TESTABILITY = YES;
				ENABLE_USER_SCRIPT_SANDBOXING = YES;
				GCC_C_LANGUAGE_STANDARD = gnu17;
				GCC_DYNAMIC_NO_PIC = NO;
				GCC_NO_COMMON_BLOCKS = YES;
				GCC_OPTIMIZATION_LEVEL = 0;
				GCC_PREPROCESSOR_DEFINITIONS = (
					"DEBUG=1",
					"$(inherited)",
				);
				GCC_WARN_64_TO_32_BIT_CONVERSION = YES;
				GCC_WARN_ABOUT_RETURN_TYPE = YES_ERROR;
				GCC_WARN_UNDECLARED_SELECTOR = YES;
				GCC_WARN_UNINITIALIZED_AUTOS = YES_AGGRESSIVE;
				GCC_WARN_UNUSED_FUNCTION = YES;
				GCC_WARN_UNUSED_VARIABLE = YES;
				IPHONEOS_DEPLOYMENT_TARGET = 17.0;
				LOCALIZATION_PREFERS_STRING_CATALOGS = YES;
				MTL_ENABLE_DEBUG_INFO = INCLUDE_SOURCE;
				MTL_FAST_MATH = YES;
				ONLY_ACTIVE_ARCH = YES;
				SDKROOT = iphoneos;
				SWIFT_ACTIVE_COMPILATION_CONDITIONS = "DEBUG $(inherited)";
				SWIFT_OPTIMIZATION_LEVEL = "-Onone";
			};
			name = Debug;
		};
		BEC20BD62AC9FF0A00EE6467 /* Release */ = {
			isa = XCBuildConfiguration;
			buildSettings = {
				ALWAYS_SEARCH_USER_PATHS = NO;
				ASSETCATALOG_COMPILER_GENERATE_SWIFT_ASSET_SYMBOL_EXTENSIONS = YES;
				CLANG_ANALYZER_NONNULL = YES;
				CLANG_ANALYZER_NUMBER_OBJECT_CONVERSION = YES_AGGRESSIVE;
				CLANG_CXX_LANGUAGE_STANDARD = "gnu++20";
				CLANG_ENABLE_MODULES = YES;
				CLANG_ENABLE_OBJC_ARC = YES;
				CLANG_ENABLE_OBJC_WEAK = YES;
				CLANG_WARN_BLOCK_CAPTURE_AUTORELEASING = YES;
				CLANG_WARN_BOOL_CONVERSION = YES;
				CLANG_WARN_COMMA = YES;
				CLANG_WARN_CONSTANT_CONVERSION = YES;
				CLANG_WARN_DEPRECATED_OBJC_IMPLEMENTATIONS = YES;
				CLANG_WARN_DIRECT_OBJC_ISA_USAGE = YES_ERROR;
				CLANG_WARN_DOCUMENTATION_COMMENTS = YES;
				CLANG_WARN_EMPTY_BODY = YES;
				CLANG_WARN_ENUM_CONVERSION = YES;
				CLANG_WARN_INFINITE_RECURSION = YES;
				CLANG_WARN_INT_CONVERSION = YES;
				CLANG_WARN_NON_LITERAL_NULL_CONVERSION = YES;
				CLANG_WARN_OBJC_IMPLICIT_RETAIN_SELF = YES;
				CLANG_WARN_OBJC_LITERAL_CONVERSION = YES;
				CLANG_WARN_OBJC_ROOT_CLASS = YES_ERROR;
				CLANG_WARN_QUOTED_INCLUDE_IN_FRAMEWORK_HEADER = YES;
				CLANG_WARN_RANGE_LOOP_ANALYSIS = YES;
				CLANG_WARN_STRICT_PROTOTYPES = YES;
				CLANG_WARN_SUSPICIOUS_MOVE = YES;
				CLANG_WARN_UNGUARDED_AVAILABILITY = YES_AGGRESSIVE;
				CLANG_WARN_UNREACHABLE_CODE = YES;
				CLANG_WARN__DUPLICATE_METHOD_MATCH = YES;
				COPY_PHASE_STRIP = NO;
				DEBUG_INFORMATION_FORMAT = "dwarf-with-dsym";
				ENABLE_NS_ASSERTIONS = NO;
				ENABLE_STRICT_OBJC_MSGSEND = YES;
				ENABLE_USER_SCRIPT_SANDBOXING = YES;
				GCC_C_LANGUAGE_STANDARD = gnu17;
				GCC_NO_COMMON_BLOCKS = YES;
				GCC_WARN_64_TO_32_BIT_CONVERSION = YES;
				GCC_WARN_ABOUT_RETURN_TYPE = YES_ERROR;
				GCC_WARN_UNDECLARED_SELECTOR = YES;
				GCC_WARN_UNINITIALIZED_AUTOS = YES_AGGRESSIVE;
				GCC_WARN_UNUSED_FUNCTION = YES;
				GCC_WARN_UNUSED_VARIABLE = YES;
				IPHONEOS_DEPLOYMENT_TARGET = 17.0;
				LOCALIZATION_PREFERS_STRING_CATALOGS = YES;
				MTL_ENABLE_DEBUG_INFO = NO;
				MTL_FAST_MATH = YES;
				SDKROOT = iphoneos;
				SWIFT_COMPILATION_MODE = wholemodule;
				VALIDATE_PRODUCT = YES;
			};
			name = Release;
		};
		BEC20BD82AC9FF0A00EE6467 /* Debug */ = {
			isa = XCBuildConfiguration;
			buildSettings = {
				ASSETCATALOG_COMPILER_APPICON_NAME = AppIcon;
				ASSETCATALOG_COMPILER_GLOBAL_ACCENT_COLOR_NAME = AccentColor;
				CODE_SIGN_STYLE = Automatic;
				CURRENT_PROJECT_VERSION = 1;
				DEVELOPMENT_ASSET_PATHS = "\"Pinch/Preview Content\"";
				ENABLE_PREVIEWS = YES;
				GENERATE_INFOPLIST_FILE = YES;
				INFOPLIST_KEY_UIApplicationSceneManifest_Generation = YES;
				INFOPLIST_KEY_UIApplicationSupportsIndirectInputEvents = YES;
				INFOPLIST_KEY_UILaunchScreen_Generation = YES;
				INFOPLIST_KEY_UISupportedInterfaceOrientations = UIInterfaceOrientationPortrait;
				LD_RUNPATH_SEARCH_PATHS = (
					"$(inherited)",
					"@executable_path/Frameworks",
				);
				MARKETING_VERSION = 1.0;
				PRODUCT_BUNDLE_IDENTIFIER = co.yunusberdibekk.Pinch;
				PRODUCT_NAME = "$(TARGET_NAME)";
				SWIFT_EMIT_LOC_STRINGS = YES;
				SWIFT_VERSION = 5.0;
				TARGETED_DEVICE_FAMILY = "1,2";
			};
			name = Debug;
		};
		BEC20BD92AC9FF0A00EE6467 /* Release */ = {
			isa = XCBuildConfiguration;
			buildSettings = {
				ASSETCATALOG_COMPILER_APPICON_NAME = AppIcon;
				ASSETCATALOG_COMPILER_GLOBAL_ACCENT_COLOR_NAME = AccentColor;
				CODE_SIGN_STYLE = Automatic;
				CURRENT_PROJECT_VERSION = 1;
				DEVELOPMENT_ASSET_PATHS = "\"Pinch/Preview Content\"";
				ENABLE_PREVIEWS = YES;
				GENERATE_INFOPLIST_FILE = YES;
				INFOPLIST_KEY_UIApplicationSceneManifest_Generation = YES;
				INFOPLIST_KEY_UIApplicationSupportsIndirectInputEvents = YES;
				INFOPLIST_KEY_UILaunchScreen_Generation = YES;
				INFOPLIST_KEY_UISupportedInterfaceOrientations = UIInterfaceOrientationPortrait;
				LD_RUNPATH_SEARCH_PATHS = (
					"$(inherited)",
					"@executable_path/Frameworks",
				);
				MARKETING_VERSION = 1.0;
				PRODUCT_BUNDLE_IDENTIFIER = co.yunusberdibekk.Pinch;
				PRODUCT_NAME = "$(TARGET_NAME)";
				SWIFT_EMIT_LOC_STRINGS = YES;
				SWIFT_VERSION = 5.0;
				TARGETED_DEVICE_FAMILY = "1,2";
			};
			name = Release;
		};
/* End XCBuildConfiguration section */

/* Begin XCConfigurationList section */
		BEC20BC42AC9FF0800EE6467 /* Build configuration list for PBXProject "Pinch" */ = {
			isa = XCConfigurationList;
			buildConfigurations = (
				BEC20BD52AC9FF0A00EE6467 /* Debug */,
				BEC20BD62AC9FF0A00EE6467 /* Release */,
			);
			defaultConfigurationIsVisible = 0;
			defaultConfigurationName = Release;
		};
		BEC20BD72AC9FF0A00EE6467 /* Build configuration list for PBXNativeTarget "Pinch" */ = {
			isa = XCConfigurationList;
			buildConfigurations = (
				BEC20BD82AC9FF0A00EE6467 /* Debug */,
				BEC20BD92AC9FF0A00EE6467 /* Release */,
			);
			defaultConfigurationIsVisible = 0;
			defaultConfigurationName = Release;
		};
/* End XCConfigurationList section */
	};
	rootObject = BEC20BC12AC9FF0800EE6467 /* Project object */;
}
