// !$*UTF8*$!
{
	archiveVersion = 1;
	classes = {
	};
	objectVersion = 56;
	objects = {

/* Begin PBXBuildFile section */
		BEBC48672AC9A34600423DB1 /* CircleGroupView.swift in Sources */ = {isa = PBXBuildFile; fileRef = BEBC48662AC9A34600423DB1 /* CircleGroupView.swift */; };
		BEBC48692AC9C37C00423DB1 /* AudioPlayer.swift in Sources */ = {isa = PBXBuildFile; fileRef = BEBC48682AC9C37C00423DB1 /* AudioPlayer.swift */; };
		BECA29462AC8FBCC00CF3C0A /* RestartApp.swift in Sources */ = {isa = PBXBuildFile; fileRef = BECA29452AC8FBCC00CF3C0A /* RestartApp.swift */; };
		BECA29482AC8FBCC00CF3C0A /* ContentView.swift in Sources */ = {isa = PBXBuildFile; fileRef = BECA29472AC8FBCC00CF3C0A /* ContentView.swift */; };
		BECA294A2AC8FBCD00CF3C0A /* Assets.xcassets in Resources */ = {isa = PBXBuildFile; fileRef = BECA29492AC8FBCD00CF3C0A /* Assets.xcassets */; };
		BECA294D2AC8FBCD00CF3C0A /* Preview Assets.xcassets in Resources */ = {isa = PBXBuildFile; fileRef = BECA294C2AC8FBCD00CF3C0A /* Preview Assets.xcassets */; };
		BECA29552AC8FC6700CF3C0A /* chimeup.mp3 in Resources */ = {isa = PBXBuildFile; fileRef = BECA29532AC8FC6700CF3C0A /* chimeup.mp3 */; };
		BECA29562AC8FC6700CF3C0A /* success.m4a in Resources */ = {isa = PBXBuildFile; fileRef = BECA29542AC8FC6700CF3C0A /* success.m4a */; };
		BECA295F2AC8FED700CF3C0A /* OnboardingView.swift in Sources */ = {isa = PBXBuildFile; fileRef = BECA295E2AC8FED700CF3C0A /* OnboardingView.swift */; };
		BECA29612AC8FEE100CF3C0A /* HomeView.swift in Sources */ = {isa = PBXBuildFile; fileRef = BECA29602AC8FEE100CF3C0A /* HomeView.swift */; };
/* End PBXBuildFile section */

/* Begin PBXFileReference section */
		BEBC48662AC9A34600423DB1 /* CircleGroupView.swift */ = {isa = PBXFileReference; lastKnownFileType = sourcecode.swift; path = CircleGroupView.swift; sourceTree = "<group>"; };
		BEBC48682AC9C37C00423DB1 /* AudioPlayer.swift */ = {isa = PBXFileReference; lastKnownFileType = sourcecode.swift; path = AudioPlayer.swift; sourceTree = "<group>"; };
		BECA29422AC8FBCC00CF3C0A /* Restart.app */ = {isa = PBXFileReference; explicitFileType = wrapper.application; includeInIndex = 0; path = Restart.app; sourceTree = BUILT_PRODUCTS_DIR; };
		BECA29452AC8FBCC00CF3C0A /* RestartApp.swift */ = {isa = PBXFileReference; lastKnownFileType = sourcecode.swift; path = RestartApp.swift; sourceTree = "<group>"; };
		BECA29472AC8FBCC00CF3C0A /* ContentView.swift */ = {isa = PBXFileReference; lastKnownFileType = sourcecode.swift; path = ContentView.swift; sourceTree = "<group>"; };
		BECA29492AC8FBCD00CF3C0A /* Assets.xcassets */ = {isa = PBXFileReference; lastKnownFileType = folder.assetcatalog; path = Assets.xcassets; sourceTree = "<group>"; };
		BECA294C2AC8FBCD00CF3C0A /* Preview Assets.xcassets */ = {isa = PBXFileReference; lastKnownFileType = folder.assetcatalog; path = "Preview Assets.xcassets"; sourceTree = "<group>"; };
		BECA29532AC8FC6700CF3C0A /* chimeup.mp3 */ = {isa = PBXFileReference; lastKnownFileType = audio.mp3; path = chimeup.mp3; sourceTree = "<group>"; };
		BECA29542AC8FC6700CF3C0A /* success.m4a */ = {isa = PBXFileReference; lastKnownFileType = file; path = success.m4a; sourceTree = "<group>"; };
		BECA295C2AC8FE7900CF3C0A /* Info.plist */ = {isa = PBXFileReference; lastKnownFileType = text.plist; path = Info.plist; sourceTree = "<group>"; };
		BECA295E2AC8FED700CF3C0A /* OnboardingView.swift */ = {isa = PBXFileReference; lastKnownFileType = sourcecode.swift; path = OnboardingView.swift; sourceTree = "<group>"; };
		BECA29602AC8FEE100CF3C0A /* HomeView.swift */ = {isa = PBXFileReference; lastKnownFileType = sourcecode.swift; path = HomeView.swift; sourceTree = "<group>"; };
/* End PBXFileReference section */

/* Begin PBXFrameworksBuildPhase section */
		BECA293F2AC8FBCC00CF3C0A /* Frameworks */ = {
			isa = PBXFrameworksBuildPhase;
			buildActionMask = 2147483647;
			files = (
			);
			runOnlyForDeploymentPostprocessing = 0;
		};
/* End PBXFrameworksBuildPhase section */

/* Begin PBXGroup section */
		BECA29392AC8FBCC00CF3C0A = {
			isa = PBXGroup;
			children = (
				BECA29442AC8FBCC00CF3C0A /* Restart */,
				BECA29432AC8FBCC00CF3C0A /* Products */,
			);
			sourceTree = "<group>";
		};
		BECA29432AC8FBCC00CF3C0A /* Products */ = {
			isa = PBXGroup;
			children = (
				BECA29422AC8FBCC00CF3C0A /* Restart.app */,
			);
			name = Products;
			sourceTree = "<group>";
		};
		BECA29442AC8FBCC00CF3C0A /* Restart */ = {
			isa = PBXGroup;
			children = (
				BECA295C2AC8FE7900CF3C0A /* Info.plist */,
				BECA295B2AC8FD8800CF3C0A /* App */,
				BECA295A2AC8FD7600CF3C0A /* Utilities */,
				BECA29572AC8FC8300CF3C0A /* Sounds */,
				BECA29592AC8FD5E00CF3C0A /* Views */,
				BECA29582AC8FD5400CF3C0A /* Screens */,
				BECA29492AC8FBCD00CF3C0A /* Assets.xcassets */,
				BECA294B2AC8FBCD00CF3C0A /* Preview Content */,
			);
			path = Restart;
			sourceTree = "<group>";
		};
		BECA294B2AC8FBCD00CF3C0A /* Preview Content */ = {
			isa = PBXGroup;
			children = (
				BECA294C2AC8FBCD00CF3C0A /* Preview Assets.xcassets */,
			);
			path = "Preview Content";
			sourceTree = "<group>";
		};
		BECA29572AC8FC8300CF3C0A /* Sounds */ = {
			isa = PBXGroup;
			children = (
				BECA29532AC8FC6700CF3C0A /* chimeup.mp3 */,
				BECA29542AC8FC6700CF3C0A /* success.m4a */,
			);
			path = Sounds;
			sourceTree = "<group>";
		};
		BECA29582AC8FD5400CF3C0A /* Screens */ = {
			isa = PBXGroup;
			children = (
				BECA29472AC8FBCC00CF3C0A /* ContentView.swift */,
				BECA295E2AC8FED700CF3C0A /* OnboardingView.swift */,
				BECA29602AC8FEE100CF3C0A /* HomeView.swift */,
			);
			path = Screens;
			sourceTree = "<group>";
		};
		BECA29592AC8FD5E00CF3C0A /* Views */ = {
			isa = PBXGroup;
			children = (
				BEBC48662AC9A34600423DB1 /* CircleGroupView.swift */,
			);
			path = Views;
			sourceTree = "<group>";
		};
		BECA295A2AC8FD7600CF3C0A /* Utilities */ = {
			isa = PBXGroup;
			children = (
				BEBC48682AC9C37C00423DB1 /* AudioPlayer.swift */,
			);
			path = Utilities;
			sourceTree = "<group>";
		};
		BECA295B2AC8FD8800CF3C0A /* App */ = {
			isa = PBXGroup;
			children = (
				BECA29452AC8FBCC00CF3C0A /* RestartApp.swift */,
			);
			path = App;
			sourceTree = "<group>";
		};
/* End PBXGroup section */

/* Begin PBXNativeTarget section */
		BECA29412AC8FBCC00CF3C0A /* Restart */ = {
			isa = PBXNativeTarget;
			buildConfigurationList = BECA29502AC8FBCD00CF3C0A /* Build configuration list for PBXNativeTarget "Restart" */;
			buildPhases = (
				BECA293E2AC8FBCC00CF3C0A /* Sources */,
				BECA293F2AC8FBCC00CF3C0A /* Frameworks */,
				BECA29402AC8FBCC00CF3C0A /* Resources */,
			);
			buildRules = (
			);
			dependencies = (
			);
			name = Restart;
			productName = Restart;
			productReference = BECA29422AC8FBCC00CF3C0A /* Restart.app */;
			productType = "com.apple.product-type.application";
		};
/* End PBXNativeTarget section */

/* Begin PBXProject section */
		BECA293A2AC8FBCC00CF3C0A /* Project object */ = {
			isa = PBXProject;
			attributes = {
				BuildIndependentTargetsInParallel = 1;
				LastSwiftUpdateCheck = 1500;
				LastUpgradeCheck = 1500;
				TargetAttributes = {
					BECA29412AC8FBCC00CF3C0A = {
						CreatedOnToolsVersion = 15.0;
					};
				};
			};
			buildConfigurationList = BECA293D2AC8FBCC00CF3C0A /* Build configuration list for PBXProject "Restart" */;
			compatibilityVersion = "Xcode 14.0";
			developmentRegion = en;
			hasScannedForEncodings = 0;
			knownRegions = (
				en,
				Base,
			);
			mainGroup = BECA29392AC8FBCC00CF3C0A;
			productRefGroup = BECA29432AC8FBCC00CF3C0A /* Products */;
			projectDirPath = "";
			projectRoot = "";
			targets = (
				BECA29412AC8FBCC00CF3C0A /* Restart */,
			);
		};
/* End PBXProject section */

/* Begin PBXResourcesBuildPhase section */
		BECA29402AC8FBCC00CF3C0A /* Resources */ = {
			isa = PBXResourcesBuildPhase;
			buildActionMask = 2147483647;
			files = (
				BECA29562AC8FC6700CF3C0A /* success.m4a in Resources */,
				BECA29552AC8FC6700CF3C0A /* chimeup.mp3 in Resources */,
				BECA294D2AC8FBCD00CF3C0A /* Preview Assets.xcassets in Resources */,
				BECA294A2AC8FBCD00CF3C0A /* Assets.xcassets in Resources */,
			);
			runOnlyForDeploymentPostprocessing = 0;
		};
/* End PBXResourcesBuildPhase section */

/* Begin PBXSourcesBuildPhase section */
		BECA293E2AC8FBCC00CF3C0A /* Sources */ = {
			isa = PBXSourcesBuildPhase;
			buildActionMask = 2147483647;
			files = (
				BEBC48672AC9A34600423DB1 /* CircleGroupView.swift in Sources */,
				BECA295F2AC8FED700CF3C0A /* OnboardingView.swift in Sources */,
				BECA29612AC8FEE100CF3C0A /* HomeView.swift in Sources */,
				BECA29482AC8FBCC00CF3C0A /* ContentView.swift in Sources */,
				BECA29462AC8FBCC00CF3C0A /* RestartApp.swift in Sources */,
				BEBC48692AC9C37C00423DB1 /* AudioPlayer.swift in Sources */,
			);
			runOnlyForDeploymentPostprocessing = 0;
		};
/* End PBXSourcesBuildPhase section */

/* Begin XCBuildConfiguration section */
		BECA294E2AC8FBCD00CF3C0A /* Debug */ = {
			isa = XCBuildConfiguration;
			buildSettings = {
				ALWAYS_SEARCH_USER_PATHS = NO;
				ASSETCATALOG_COMPILER_GENERATE_SWIFT_ASSET_SYMBOL_EXTENSIONS = YES;
				CLANG_ANALYZER_NONNULL = YES;
				CLANG_ANALYZER_NUMBER_OBJECT_CONVERSION = YES_AGGRESSIVE;
				CLANG_CXX_LANGUAGE_STANDARD = "gnu++20";
				CLANG_ENABLE_MODULES = YES;
				CLANG_ENABLE_OBJC_ARC = YES;
				CLANG_ENABLE_OBJC_WEAK = YES;
				CLANG_WARN_BLOCK_CAPTURE_AUTORELEASING = YES;
				CLANG_WARN_BOOL_CONVERSION = YES;
				CLANG_WARN_COMMA = YES;
				CLANG_WARN_CONSTANT_CONVERSION = YES;
				CLANG_WARN_DEPRECATED_OBJC_IMPLEMENTATIONS = YES;
				CLANG_WARN_DIRECT_OBJC_ISA_USAGE = YES_ERROR;
				CLANG_WARN_DOCUMENTATION_COMMENTS = YES;
				CLANG_WARN_EMPTY_BODY = YES;
				CLANG_WARN_ENUM_CONVERSION = YES;
				CLANG_WARN_INFINITE_RECURSION = YES;
				CLANG_WARN_INT_CONVERSION = YES;
				CLANG_WARN_NON_LITERAL_NULL_CONVERSION = YES;
				CLANG_WARN_OBJC_IMPLICIT_RETAIN_SELF = YES;
				CLANG_WARN_OBJC_LITERAL_CONVERSION = YES;
				CLANG_WARN_OBJC_ROOT_CLASS = YES_ERROR;
				CLANG_WARN_QUOTED_INCLUDE_IN_FRAMEWORK_HEADER = YES;
				CLANG_WARN_RANGE_LOOP_ANALYSIS = YES;
				CLANG_WARN_STRICT_PROTOTYPES = YES;
				CLANG_WARN_SUSPICIOUS_MOVE = YES;
				CLANG_WARN_UNGUARDED_AVAILABILITY = YES_AGGRESSIVE;
				CLANG_WARN_UNREACHABLE_CODE = YES;
				CLANG_WARN__DUPLICATE_METHOD_MATCH = YES;
				COPY_PHASE_STRIP = NO;
				DEBUG_INFORMATION_FORMAT = dwarf;
				ENABLE_STRICT_OBJC_MSGSEND = YES;
				ENABLE_TESTABILITY = YES;
				ENABLE_USER_SCRIPT_SANDBOXING = YES;
				GCC_C_LANGUAGE_STANDARD = gnu17;
				GCC_DYNAMIC_NO_PIC = NO;
				GCC_NO_COMMON_BLOCKS = YES;
				GCC_OPTIMIZATION_LEVEL = 0;
				GCC_PREPROCESSOR_DEFINITIONS = (
					"DEBUG=1",
					"$(inherited)",
				);
				GCC_WARN_64_TO_32_BIT_CONVERSION = YES;
				GCC_WARN_ABOUT_RETURN_TYPE = YES_ERROR;
				GCC_WARN_UNDECLARED_SELECTOR = YES;
				GCC_WARN_UNINITIALIZED_AUTOS = YES_AGGRESSIVE;
				GCC_WARN_UNUSED_FUNCTION = YES;
				GCC_WARN_UNUSED_VARIABLE = YES;
				IPHONEOS_DEPLOYMENT_TARGET = 17.0;
				LOCALIZATION_PREFERS_STRING_CATALOGS = YES;
				MTL_ENABLE_DEBUG_INFO = INCLUDE_SOURCE;
				MTL_FAST_MATH = YES;
				ONLY_ACTIVE_ARCH = YES;
				SDKROOT = iphoneos;
				SWIFT_ACTIVE_COMPILATION_CONDITIONS = "DEBUG $(inherited)";
				SWIFT_OPTIMIZATION_LEVEL = "-Onone";
			};
			name = Debug;
		};
		BECA294F2AC8FBCD00CF3C0A /* Release */ = {
			isa = XCBuildConfiguration;
			buildSettings = {
				ALWAYS_SEARCH_USER_PATHS = NO;
				ASSETCATALOG_COMPILER_GENERATE_SWIFT_ASSET_SYMBOL_EXTENSIONS = YES;
				CLANG_ANALYZER_NONNULL = YES;
				CLANG_ANALYZER_NUMBER_OBJECT_CONVERSION = YES_AGGRESSIVE;
				CLANG_CXX_LANGUAGE_STANDARD = "gnu++20";
				CLANG_ENABLE_MODULES = YES;
				CLANG_ENABLE_OBJC_ARC = YES;
				CLANG_ENABLE_OBJC_WEAK = YES;
				CLANG_WARN_BLOCK_CAPTURE_AUTORELEASING = YES;
				CLANG_WARN_BOOL_CONVERSION = YES;
				CLANG_WARN_COMMA = YES;
				CLANG_WARN_CONSTANT_CONVERSION = YES;
				CLANG_WARN_DEPRECATED_OBJC_IMPLEMENTATIONS = YES;
				CLANG_WARN_DIRECT_OBJC_ISA_USAGE = YES_ERROR;
				CLANG_WARN_DOCUMENTATION_COMMENTS = YES;
				CLANG_WARN_EMPTY_BODY = YES;
				CLANG_WARN_ENUM_CONVERSION = YES;
				CLANG_WARN_INFINITE_RECURSION = YES;
				CLANG_WARN_INT_CONVERSION = YES;
				CLANG_WARN_NON_LITERAL_NULL_CONVERSION = YES;
				CLANG_WARN_OBJC_IMPLICIT_RETAIN_SELF = YES;
				CLANG_WARN_OBJC_LITERAL_CONVERSION = YES;
				CLANG_WARN_OBJC_ROOT_CLASS = YES_ERROR;
				CLANG_WARN_QUOTED_INCLUDE_IN_FRAMEWORK_HEADER = YES;
				CLANG_WARN_RANGE_LOOP_ANALYSIS = YES;
				CLANG_WARN_STRICT_PROTOTYPES = YES;
				CLANG_WARN_SUSPICIOUS_MOVE = YES;
				CLANG_WARN_UNGUARDED_AVAILABILITY = YES_AGGRESSIVE;
				CLANG_WARN_UNREACHABLE_CODE = YES;
				CLANG_WARN__DUPLICATE_METHOD_MATCH = YES;
				COPY_PHASE_STRIP = NO;
				DEBUG_INFORMATION_FORMAT = "dwarf-with-dsym";
				ENABLE_NS_ASSERTIONS = NO;
				ENABLE_STRICT_OBJC_MSGSEND = YES;
				ENABLE_USER_SCRIPT_SANDBOXING = YES;
				GCC_C_LANGUAGE_STANDARD = gnu17;
				GCC_NO_COMMON_BLOCKS = YES;
				GCC_WARN_64_TO_32_BIT_CONVERSION = YES;
				GCC_WARN_ABOUT_RETURN_TYPE = YES_ERROR;
				GCC_WARN_UNDECLARED_SELECTOR = YES;
				GCC_WARN_UNINITIALIZED_AUTOS = YES_AGGRESSIVE;
				GCC_WARN_UNUSED_FUNCTION = YES;
				GCC_WARN_UNUSED_VARIABLE = YES;
				IPHONEOS_DEPLOYMENT_TARGET = 17.0;
				LOCALIZATION_PREFERS_STRING_CATALOGS = YES;
				MTL_ENABLE_DEBUG_INFO = NO;
				MTL_FAST_MATH = YES;
				SDKROOT = iphoneos;
				SWIFT_COMPILATION_MODE = wholemodule;
				VALIDATE_PRODUCT = YES;
			};
			name = Release;
		};
		BECA29512AC8FBCD00CF3C0A /* Debug */ = {
			isa = XCBuildConfiguration;
			buildSettings = {
				ASSETCATALOG_COMPILER_APPICON_NAME = AppIcon;
				ASSETCATALOG_COMPILER_GLOBAL_ACCENT_COLOR_NAME = AccentColor;
				CODE_SIGN_STYLE = Automatic;
				CURRENT_PROJECT_VERSION = 1;
				DEVELOPMENT_ASSET_PATHS = "\"Restart/Preview Content\"";
				ENABLE_PREVIEWS = YES;
				GENERATE_INFOPLIST_FILE = YES;
				INFOPLIST_FILE = Restart/Info.plist;
				INFOPLIST_KEY_UIApplicationSceneManifest_Generation = YES;
				INFOPLIST_KEY_UIApplicationSupportsIndirectInputEvents = YES;
				INFOPLIST_KEY_UISupportedInterfaceOrientations = UIInterfaceOrientationPortrait;
				LD_RUNPATH_SEARCH_PATHS = (
					"$(inherited)",
					"@executable_path/Frameworks",
				);
				MARKETING_VERSION = 1.0;
				PRODUCT_BUNDLE_IDENTIFIER = co.yunusberdibekk.Restart;
				PRODUCT_NAME = "$(TARGET_NAME)";
				SWIFT_EMIT_LOC_STRINGS = YES;
				SWIFT_VERSION = 5.0;
				TARGETED_DEVICE_FAMILY = "1,2";
			};
			name = Debug;
		};
		BECA29522AC8FBCD00CF3C0A /* Release */ = {
			isa = XCBuildConfiguration;
			buildSettings = {
				ASSETCATALOG_COMPILER_APPICON_NAME = AppIcon;
				ASSETCATALOG_COMPILER_GLOBAL_ACCENT_COLOR_NAME = AccentColor;
				CODE_SIGN_STYLE = Automatic;
				CURRENT_PROJECT_VERSION = 1;
				DEVELOPMENT_ASSET_PATHS = "\"Restart/Preview Content\"";
				ENABLE_PREVIEWS = YES;
				GENERATE_INFOPLIST_FILE = YES;
				INFOPLIST_FILE = Restart/Info.plist;
				INFOPLIST_KEY_UIApplicationSceneManifest_Generation = YES;
				INFOPLIST_KEY_UIApplicationSupportsIndirectInputEvents = YES;
				INFOPLIST_KEY_UISupportedInterfaceOrientations = UIInterfaceOrientationPortrait;
				LD_RUNPATH_SEARCH_PATHS = (
					"$(inherited)",
					"@executable_path/Frameworks",
				);
				MARKETING_VERSION = 1.0;
				PRODUCT_BUNDLE_IDENTIFIER = co.yunusberdibekk.Restart;
				PRODUCT_NAME = "$(TARGET_NAME)";
				SWIFT_EMIT_LOC_STRINGS = YES;
				SWIFT_VERSION = 5.0;
				TARGETED_DEVICE_FAMILY = "1,2";
			};
			name = Release;
		};
/* End XCBuildConfiguration section */

/* Begin XCConfigurationList section */
		BECA293D2AC8FBCC00CF3C0A /* Build configuration list for PBXProject "Restart" */ = {
			isa = XCConfigurationList;
			buildConfigurations = (
				BECA294E2AC8FBCD00CF3C0A /* Debug */,
				BECA294F2AC8FBCD00CF3C0A /* Release */,
			);
			defaultConfigurationIsVisible = 0;
			defaultConfigurationName = Release;
		};
		BECA29502AC8FBCD00CF3C0A /* Build configuration list for PBXNativeTarget "Restart" */ = {
			isa = XCConfigurationList;
			buildConfigurations = (
				BECA29512AC8FBCD00CF3C0A /* Debug */,
				BECA29522AC8FBCD00CF3C0A /* Release */,
			);
			defaultConfigurationIsVisible = 0;
			defaultConfigurationName = Release;
		};
/* End XCConfigurationList section */
	};
	rootObject = BECA293A2AC8FBCC00CF3C0A /* Project object */;
}
